
Microsoft Visual Studio Solution File, Format Version 12.00
# 
Project("{FAE04EC0-301F-11D3-BF4B-00C04F79EFBC}") = "test_cSharp", "test_cSharp.csproj", "{1C8A3B4B-F459-480E-B19F-35B06D80AE4A}"
EndProject
Project("{FAE04EC0-301F-11D3-BF4B-00C04F79EFBC}") = "test_cSharp.Tests", "test_cSharp.Tests\test_cSharp.Tests.csproj", "{6E5E7FD2-32E3-46D3-B746-F3F4F4BF918B}"
EndProject
Global
	GlobalSection(SolutionConfigurationPlatforms) = preSolution
		Debug|Any CPU = Debug|Any CPU
		Release|Any CPU = Release|Any CPU
	EndGlobalSection
	GlobalSection(SolutionProperties) = preSolution
		HideSolutionNode = FALSE
	EndGlobalSection
	GlobalSection(ProjectConfigurationPlatforms) = postSolution
		{1C8A3B4B-F459-480E-B19F-35B06D80AE4A}.Debug|Any CPU.ActiveCfg = Debug|Any CPU
		{1C8A3B4B-F459-480E-B19F-35B06D80AE4A}.Debug|Any CPU.Build.0 = Debug|Any CPU
		{1C8A3B4B-F459-480E-B19F-35B06D80AE4A}.Release|Any CPU.ActiveCfg = Release|Any CPU
		{1C8A3B4B-F459-480E-B19F-35B06D80AE4A}.Release|Any CPU.Build.0 = Release|Any CPU
		{6E5E7FD2-32E3-46D3-B746-F3F4F4BF918B}.Debug|Any CPU.ActiveCfg = Debug|Any CPU
		{6E5E7FD2-32E3-46D3-B746-F3F4F4BF918B}.Debug|Any CPU.Build.0 = Debug|Any CPU
		{6E5E7FD2-32E3-46D3-B746-F3F4F4BF918B}.Release|Any CPU.ActiveCfg = Release|Any CPU
		{6E5E7FD2-32E3-46D3-B746-F3F4F4BF918B}.Release|Any CPU.Build.0 = Release|Any CPU
	EndGlobalSection
EndGlobal
